// !$*UTF8*$!
{
	archiveVersion = 1;
	classes = {
	};
	objectVersion = 55;
	objects = {

/* Begin PBXBuildFile section */
		006BFB1727BFE3CD0040B5FA /* AppDelegate.swift in Sources */ = {isa = PBXBuildFile; fileRef = 006BFB1627BFE3CD0040B5FA /* AppDelegate.swift */; };
		006BFB1927BFE3CD0040B5FA /* SceneDelegate.swift in Sources */ = {isa = PBXBuildFile; fileRef = 006BFB1827BFE3CD0040B5FA /* SceneDelegate.swift */; };
		006BFB1B27BFE3CD0040B5FA /* ViewController.swift in Sources */ = {isa = PBXBuildFile; fileRef = 006BFB1A27BFE3CD0040B5FA /* ViewController.swift */; };
		006BFB1E27BFE3CD0040B5FA /* Main.storyboard in Resources */ = {isa = PBXBuildFile; fileRef = 006BFB1C27BFE3CD0040B5FA /* Main.storyboard */; };
		006BFB2027BFE3CE0040B5FA /* Assets.xcassets in Resources */ = {isa = PBXBuildFile; fileRef = 006BFB1F27BFE3CE0040B5FA /* Assets.xcassets */; };
		006BFB2327BFE3CE0040B5FA /* LaunchScreen.storyboard in Resources */ = {isa = PBXBuildFile; fileRef = 006BFB2127BFE3CE0040B5FA /* LaunchScreen.storyboard */; };
		006BFB3027C003640040B5FA /* Question.swift in Sources */ = {isa = PBXBuildFile; fileRef = 006BFB2F27C003640040B5FA /* Question.swift */; };
/* End PBXBuildFile section */

/* Begin PBXFileReference section */
		006BFB1327BFE3CD0040B5FA /* PersonalityQuiz.app */ = {isa = PBXFileReference; explicitFileType = wrapper.application; includeInIndex = 0; path = PersonalityQuiz.app; sourceTree = BUILT_PRODUCTS_DIR; };
		006BFB1627BFE3CD0040B5FA /* AppDelegate.swift */ = {isa = PBXFileReference; lastKnownFileType = sourcecode.swift; path = AppDelegate.swift; sourceTree = "<group>"; };
		006BFB1827BFE3CD0040B5FA /* SceneDelegate.swift */ = {isa = PBXFileReference; lastKnownFileType = sourcecode.swift; path = SceneDelegate.swift; sourceTree = "<group>"; };
		006BFB1A27BFE3CD0040B5FA /* ViewController.swift */ = {isa = PBXFileReference; lastKnownFileType = sourcecode.swift; path = ViewController.swift; sourceTree = "<group>"; };
		006BFB1D27BFE3CD0040B5FA /* Base */ = {isa = PBXFileReference; lastKnownFileType = file.storyboard; name = Base; path = Base.lproj/Main.storyboard; sourceTree = "<group>"; };
		006BFB1F27BFE3CE0040B5FA /* Assets.xcassets */ = {isa = PBXFileReference; lastKnownFileType = folder.assetcatalog; path = Assets.xcassets; sourceTree = "<group>"; };
		006BFB2227BFE3CE0040B5FA /* Base */ = {isa = PBXFileReference; lastKnownFileType = file.storyboard; name = Base; path = Base.lproj/LaunchScreen.storyboard; sourceTree = "<group>"; };
		006BFB2427BFE3CE0040B5FA /* Info.plist */ = {isa = PBXFileReference; lastKnownFileType = text.plist.xml; path = Info.plist; sourceTree = "<group>"; };
		006BFB2F27C003640040B5FA /* Question.swift */ = {isa = PBXFileReference; lastKnownFileType = sourcecode.swift; path = Question.swift; sourceTree = "<group>"; };
/* End PBXFileReference section */

/* Begin PBXFrameworksBuildPhase section */
		006BFB1027BFE3CD0040B5FA /* Frameworks */ = {
			isa = PBXFrameworksBuildPhase;
			buildActionMask = 2147483647;
			files = (
			);
			runOnlyForDeploymentPostprocessing = 0;
		};
/* End PBXFrameworksBuildPhase section */

/* Begin PBXGroup section */
		006BFB0A27BFE3CD0040B5FA = {
			isa = PBXGroup;
			children = (
				006BFB1527BFE3CD0040B5FA /* PersonalityQuiz */,
				006BFB1427BFE3CD0040B5FA /* Products */,
			);
			sourceTree = "<group>";
		};
		006BFB1427BFE3CD0040B5FA /* Products */ = {
			isa = PBXGroup;
			children = (
				006BFB1327BFE3CD0040B5FA /* PersonalityQuiz.app */,
			);
			name = Products;
			sourceTree = "<group>";
		};
		006BFB1527BFE3CD0040B5FA /* PersonalityQuiz */ = {
			isa = PBXGroup;
			children = (
				006BFB2C27BFFFF20040B5FA /* Resourses */,
				006BFB2A27BFFF9D0040B5FA /* ViewControllers */,
				006BFB2E27C001290040B5FA /* Models */,
				006BFB2D27C000220040B5FA /* App */,
				006BFB2B27BFFFE20040B5FA /* Storyboards */,
			);
			path = PersonalityQuiz;
			sourceTree = "<group>";
		};
		006BFB2A27BFFF9D0040B5FA /* ViewControllers */ = {
			isa = PBXGroup;
			children = (
				006BFB1A27BFE3CD0040B5FA /* ViewController.swift */,
			);
			path = ViewControllers;
			sourceTree = "<group>";
		};
		006BFB2B27BFFFE20040B5FA /* Storyboards */ = {
			isa = PBXGroup;
			children = (
				006BFB1C27BFE3CD0040B5FA /* Main.storyboard */,
				006BFB2127BFE3CE0040B5FA /* LaunchScreen.storyboard */,
			);
			path = Storyboards;
			sourceTree = "<group>";
		};
		006BFB2C27BFFFF20040B5FA /* Resourses */ = {
			isa = PBXGroup;
			children = (
				006BFB1F27BFE3CE0040B5FA /* Assets.xcassets */,
			);
			path = Resourses;
			sourceTree = "<group>";
		};
		006BFB2D27C000220040B5FA /* App */ = {
			isa = PBXGroup;
			children = (
				006BFB1627BFE3CD0040B5FA /* AppDelegate.swift */,
				006BFB1827BFE3CD0040B5FA /* SceneDelegate.swift */,
				006BFB2427BFE3CE0040B5FA /* Info.plist */,
			);
			path = App;
			sourceTree = "<group>";
		};
		006BFB2E27C001290040B5FA /* Models */ = {
			isa = PBXGroup;
			children = (
				006BFB2F27C003640040B5FA /* Question.swift */,
			);
			path = Models;
			sourceTree = "<group>";
		};
/* End PBXGroup section */

/* Begin PBXNativeTarget section */
		006BFB1227BFE3CD0040B5FA /* PersonalityQuiz */ = {
			isa = PBXNativeTarget;
			buildConfigurationList = 006BFB2727BFE3CE0040B5FA /* Build configuration list for PBXNativeTarget "PersonalityQuiz" */;
			buildPhases = (
				006BFB0F27BFE3CD0040B5FA /* Sources */,
				006BFB1027BFE3CD0040B5FA /* Frameworks */,
				006BFB1127BFE3CD0040B5FA /* Resources */,
			);
			buildRules = (
			);
			dependencies = (
			);
			name = PersonalityQuiz;
			productName = PersonalityQuiz;
			productReference = 006BFB1327BFE3CD0040B5FA /* PersonalityQuiz.app */;
			productType = "com.apple.product-type.application";
		};
/* End PBXNativeTarget section */

/* Begin PBXProject section */
		006BFB0B27BFE3CD0040B5FA /* Project object */ = {
			isa = PBXProject;
			attributes = {
				BuildIndependentTargetsInParallel = 1;
				LastSwiftUpdateCheck = 1320;
				LastUpgradeCheck = 1320;
				TargetAttributes = {
					006BFB1227BFE3CD0040B5FA = {
						CreatedOnToolsVersion = 13.2.1;
					};
				};
			};
			buildConfigurationList = 006BFB0E27BFE3CD0040B5FA /* Build configuration list for PBXProject "PersonalityQuiz" */;
			compatibilityVersion = "Xcode 13.0";
			developmentRegion = en;
			hasScannedForEncodings = 0;
			knownRegions = (
				en,
				Base,
			);
			mainGroup = 006BFB0A27BFE3CD0040B5FA;
			productRefGroup = 006BFB1427BFE3CD0040B5FA /* Products */;
			projectDirPath = "";
			projectRoot = "";
			targets = (
				006BFB1227BFE3CD0040B5FA /* PersonalityQuiz */,
			);
		};
/* End PBXProject section */

/* Begin PBXResourcesBuildPhase section */
		006BFB1127BFE3CD0040B5FA /* Resources */ = {
			isa = PBXResourcesBuildPhase;
			buildActionMask = 2147483647;
			files = (
				006BFB2327BFE3CE0040B5FA /* LaunchScreen.storyboard in Resources */,
				006BFB2027BFE3CE0040B5FA /* Assets.xcassets in Resources */,
				006BFB1E27BFE3CD0040B5FA /* Main.storyboard in Resources */,
			);
			runOnlyForDeploymentPostprocessing = 0;
		};
/* End PBXResourcesBuildPhase section */

/* Begin PBXSourcesBuildPhase section */
		006BFB0F27BFE3CD0040B5FA /* Sources */ = {
			isa = PBXSourcesBuildPhase;
			buildActionMask = 2147483647;
			files = (
				006BFB1B27BFE3CD0040B5FA /* ViewController.swift in Sources */,
				006BFB3027C003640040B5FA /* Question.swift in Sources */,
				006BFB1727BFE3CD0040B5FA /* AppDelegate.swift in Sources */,
				006BFB1927BFE3CD0040B5FA /* SceneDelegate.swift in Sources */,
			);
			runOnlyForDeploymentPostprocessing = 0;
		};
/* End PBXSourcesBuildPhase section */

/* Begin PBXVariantGroup section */
		006BFB1C27BFE3CD0040B5FA /* Main.storyboard */ = {
			isa = PBXVariantGroup;
			children = (
				006BFB1D27BFE3CD0040B5FA /* Base */,
			);
			name = Main.storyboard;
			sourceTree = "<group>";
		};
		006BFB2127BFE3CE0040B5FA /* LaunchScreen.storyboard */ = {
			isa = PBXVariantGroup;
			children = (
				006BFB2227BFE3CE0040B5FA /* Base */,
			);
			name = LaunchScreen.storyboard;
			sourceTree = "<group>";
		};
/* End PBXVariantGroup section */

/* Begin XCBuildConfiguration section */
		006BFB2527BFE3CE0040B5FA /* Debug */ = {
			isa = XCBuildConfiguration;
			buildSettings = {
				ALWAYS_SEARCH_USER_PATHS = NO;
				CLANG_ANALYZER_NONNULL = YES;
				CLANG_ANALYZER_NUMBER_OBJECT_CONVERSION = YES_AGGRESSIVE;
				CLANG_CXX_LANGUAGE_STANDARD = "gnu++17";
				CLANG_CXX_LIBRARY = "libc++";
				CLANG_ENABLE_MODULES = YES;
				CLANG_ENABLE_OBJC_ARC = YES;
				CLANG_ENABLE_OBJC_WEAK = YES;
				CLANG_WARN_BLOCK_CAPTURE_AUTORELEASING = YES;
				CLANG_WARN_BOOL_CONVERSION = YES;
				CLANG_WARN_COMMA = YES;
				CLANG_WARN_CONSTANT_CONVERSION = YES;
				CLANG_WARN_DEPRECATED_OBJC_IMPLEMENTATIONS = YES;
				CLANG_WARN_DIRECT_OBJC_ISA_USAGE = YES_ERROR;
				CLANG_WARN_DOCUMENTATION_COMMENTS = YES;
				CLANG_WARN_EMPTY_BODY = YES;
				CLANG_WARN_ENUM_CONVERSION = YES;
				CLANG_WARN_INFINITE_RECURSION = YES;
				CLANG_WARN_INT_CONVERSION = YES;
				CLANG_WARN_NON_LITERAL_NULL_CONVERSION = YES;
				CLANG_WARN_OBJC_IMPLICIT_RETAIN_SELF = YES;
				CLANG_WARN_OBJC_LITERAL_CONVERSION = YES;
				CLANG_WARN_OBJC_ROOT_CLASS = YES_ERROR;
				CLANG_WARN_QUOTED_INCLUDE_IN_FRAMEWORK_HEADER = YES;
				CLANG_WARN_RANGE_LOOP_ANALYSIS = YES;
				CLANG_WARN_STRICT_PROTOTYPES = YES;
				CLANG_WARN_SUSPICIOUS_MOVE = YES;
				CLANG_WARN_UNGUARDED_AVAILABILITY = YES_AGGRESSIVE;
				CLANG_WARN_UNREACHABLE_CODE = YES;
				CLANG_WARN__DUPLICATE_METHOD_MATCH = YES;
				COPY_PHASE_STRIP = NO;
				DEBUG_INFORMATION_FORMAT = dwarf;
				ENABLE_STRICT_OBJC_MSGSEND = YES;
				ENABLE_TESTABILITY = YES;
				GCC_C_LANGUAGE_STANDARD = gnu11;
				GCC_DYNAMIC_NO_PIC = NO;
				GCC_NO_COMMON_BLOCKS = YES;
				GCC_OPTIMIZATION_LEVEL = 0;
				GCC_PREPROCESSOR_DEFINITIONS = (
					"DEBUG=1",
					"$(inherited)",
				);
				GCC_WARN_64_TO_32_BIT_CONVERSION = YES;
				GCC_WARN_ABOUT_RETURN_TYPE = YES_ERROR;
				GCC_WARN_UNDECLARED_SELECTOR = YES;
				GCC_WARN_UNINITIALIZED_AUTOS = YES_AGGRESSIVE;
				GCC_WARN_UNUSED_FUNCTION = YES;
				GCC_WARN_UNUSED_VARIABLE = YES;
				IPHONEOS_DEPLOYMENT_TARGET = 15.2;
				MTL_ENABLE_DEBUG_INFO = INCLUDE_SOURCE;
				MTL_FAST_MATH = YES;
				ONLY_ACTIVE_ARCH = YES;
				SDKROOT = iphoneos;
				SWIFT_ACTIVE_COMPILATION_CONDITIONS = DEBUG;
				SWIFT_OPTIMIZATION_LEVEL = "-Onone";
			};
			name = Debug;
		};
		006BFB2627BFE3CE0040B5FA /* Release */ = {
			isa = XCBuildConfiguration;
			buildSettings = {
				ALWAYS_SEARCH_USER_PATHS = NO;
				CLANG_ANALYZER_NONNULL = YES;
				CLANG_ANALYZER_NUMBER_OBJECT_CONVERSION = YES_AGGRESSIVE;
				CLANG_CXX_LANGUAGE_STANDARD = "gnu++17";
				CLANG_CXX_LIBRARY = "libc++";
				CLANG_ENABLE_MODULES = YES;
				CLANG_ENABLE_OBJC_ARC = YES;
				CLANG_ENABLE_OBJC_WEAK = YES;
				CLANG_WARN_BLOCK_CAPTURE_AUTORELEASING = YES;
				CLANG_WARN_BOOL_CONVERSION = YES;
				CLANG_WARN_COMMA = YES;
				CLANG_WARN_CONSTANT_CONVERSION = YES;
				CLANG_WARN_DEPRECATED_OBJC_IMPLEMENTATIONS = YES;
				CLANG_WARN_DIRECT_OBJC_ISA_USAGE = YES_ERROR;
				CLANG_WARN_DOCUMENTATION_COMMENTS = YES;
				CLANG_WARN_EMPTY_BODY = YES;
				CLANG_WARN_ENUM_CONVERSION = YES;
				CLANG_WARN_INFINITE_RECURSION = YES;
				CLANG_WARN_INT_CONVERSION = YES;
				CLANG_WARN_NON_LITERAL_NULL_CONVERSION = YES;
				CLANG_WARN_OBJC_IMPLICIT_RETAIN_SELF = YES;
				CLANG_WARN_OBJC_LITERAL_CONVERSION = YES;
				CLANG_WARN_OBJC_ROOT_CLASS = YES_ERROR;
				CLANG_WARN_QUOTED_INCLUDE_IN_FRAMEWORK_HEADER = YES;
				CLANG_WARN_RANGE_LOOP_ANALYSIS = YES;
				CLANG_WARN_STRICT_PROTOTYPES = YES;
				CLANG_WARN_SUSPICIOUS_MOVE = YES;
				CLANG_WARN_UNGUARDED_AVAILABILITY = YES_AGGRESSIVE;
				CLANG_WARN_UNREACHABLE_CODE = YES;
				CLANG_WARN__DUPLICATE_METHOD_MATCH = YES;
				COPY_PHASE_STRIP = NO;
				DEBUG_INFORMATION_FORMAT = "dwarf-with-dsym";
				ENABLE_NS_ASSERTIONS = NO;
				ENABLE_STRICT_OBJC_MSGSEND = YES;
				GCC_C_LANGUAGE_STANDARD = gnu11;
				GCC_NO_COMMON_BLOCKS = YES;
				GCC_WARN_64_TO_32_BIT_CONVERSION = YES;
				GCC_WARN_ABOUT_RETURN_TYPE = YES_ERROR;
				GCC_WARN_UNDECLARED_SELECTOR = YES;
				GCC_WARN_UNINITIALIZED_AUTOS = YES_AGGRESSIVE;
				GCC_WARN_UNUSED_FUNCTION = YES;
				GCC_WARN_UNUSED_VARIABLE = YES;
				IPHONEOS_DEPLOYMENT_TARGET = 15.2;
				MTL_ENABLE_DEBUG_INFO = NO;
				MTL_FAST_MATH = YES;
				SDKROOT = iphoneos;
				SWIFT_COMPILATION_MODE = wholemodule;
				SWIFT_OPTIMIZATION_LEVEL = "-O";
				VALIDATE_PRODUCT = YES;
			};
			name = Release;
		};
		006BFB2827BFE3CE0040B5FA /* Debug */ = {
			isa = XCBuildConfiguration;
			buildSettings = {
				ASSETCATALOG_COMPILER_APPICON_NAME = AppIcon;
				ASSETCATALOG_COMPILER_GLOBAL_ACCENT_COLOR_NAME = AccentColor;
				CODE_SIGN_STYLE = Automatic;
				CURRENT_PROJECT_VERSION = 1;
				DEVELOPMENT_TEAM = W9FSXFWG34;
				GENERATE_INFOPLIST_FILE = YES;
				INFOPLIST_FILE = PersonalityQuiz/App/Info.plist;
				INFOPLIST_KEY_UIApplicationSupportsIndirectInputEvents = YES;
				INFOPLIST_KEY_UILaunchStoryboardName = LaunchScreen;
				INFOPLIST_KEY_UIMainStoryboardFile = Main;
				INFOPLIST_KEY_UISupportedInterfaceOrientations_iPad = "UIInterfaceOrientationPortrait UIInterfaceOrientationPortraitUpsideDown UIInterfaceOrientationLandscapeLeft UIInterfaceOrientationLandscapeRight";
				INFOPLIST_KEY_UISupportedInterfaceOrientations_iPhone = "UIInterfaceOrientationPortrait UIInterfaceOrientationLandscapeLeft UIInterfaceOrientationLandscapeRight";
				LD_RUNPATH_SEARCH_PATHS = (
					"$(inherited)",
					"@executable_path/Frameworks",
				);
				MARKETING_VERSION = 1.0;
				PRODUCT_BUNDLE_IDENTIFIER = com.artem.PersonalityQuiz;
				PRODUCT_NAME = "$(TARGET_NAME)";
				SWIFT_EMIT_LOC_STRINGS = YES;
				SWIFT_VERSION = 5.0;
				TARGETED_DEVICE_FAMILY = "1,2";
			};
			name = Debug;
		};
		006BFB2927BFE3CE0040B5FA /* Release */ = {
			isa = XCBuildConfiguration;
			buildSettings = {
				ASSETCATALOG_COMPILER_APPICON_NAME = AppIcon;
				ASSETCATALOG_COMPILER_GLOBAL_ACCENT_COLOR_NAME = AccentColor;
				CODE_SIGN_STYLE = Automatic;
				CURRENT_PROJECT_VERSION = 1;
				DEVELOPMENT_TEAM = W9FSXFWG34;
				GENERATE_INFOPLIST_FILE = YES;
				INFOPLIST_FILE = PersonalityQuiz/App/Info.plist;
				INFOPLIST_KEY_UIApplicationSupportsIndirectInputEvents = YES;
				INFOPLIST_KEY_UILaunchStoryboardName = LaunchScreen;
				INFOPLIST_KEY_UIMainStoryboardFile = Main;
				INFOPLIST_KEY_UISupportedInterfaceOrientations_iPad = "UIInterfaceOrientationPortrait UIInterfaceOrientationPortraitUpsideDown UIInterfaceOrientationLandscapeLeft UIInterfaceOrientationLandscapeRight";
				INFOPLIST_KEY_UISupportedInterfaceOrientations_iPhone = "UIInterfaceOrientationPortrait UIInterfaceOrientationLandscapeLeft UIInterfaceOrientationLandscapeRight";
				LD_RUNPATH_SEARCH_PATHS = (
					"$(inherited)",
					"@executable_path/Frameworks",
				);
				MARKETING_VERSION = 1.0;
				PRODUCT_BUNDLE_IDENTIFIER = com.artem.PersonalityQuiz;
				PRODUCT_NAME = "$(TARGET_NAME)";
				SWIFT_EMIT_LOC_STRINGS = YES;
				SWIFT_VERSION = 5.0;
				TARGETED_DEVICE_FAMILY = "1,2";
			};
			name = Release;
		};
/* End XCBuildConfiguration section */

/* Begin XCConfigurationList section */
		006BFB0E27BFE3CD0040B5FA /* Build configuration list for PBXProject "PersonalityQuiz" */ = {
			isa = XCConfigurationList;
			buildConfigurations = (
				006BFB2527BFE3CE0040B5FA /* Debug */,
				006BFB2627BFE3CE0040B5FA /* Release */,
			);
			defaultConfigurationIsVisible = 0;
			defaultConfigurationName = Release;
		};
		006BFB2727BFE3CE0040B5FA /* Build configuration list for PBXNativeTarget "PersonalityQuiz" */ = {
			isa = XCConfigurationList;
			buildConfigurations = (
				006BFB2827BFE3CE0040B5FA /* Debug */,
				006BFB2927BFE3CE0040B5FA /* Release */,
			);
			defaultConfigurationIsVisible = 0;
			defaultConfigurationName = Release;
		};
/* End XCConfigurationList section */
	};
	rootObject = 006BFB0B27BFE3CD0040B5FA /* Project object */;
}
